
Microsoft Visual Studio Solution File, Format Version 12.00
# Visual Studio Version 17
VisualStudioVersion = 17.3.32901.215
MinimumVisualStudioVersion = 10.0.40219.1
Project("{FAE04EC0-301F-11D3-BF4B-00C04F79EFBC}") = "Test", "Test\Test.csproj", "{3EB6F78B-F807-41AA-AABD-449480364D1D}"
EndProject
Global
	GlobalSection(SolutionConfigurationPlatforms) = preSolution
		Debug|Any CPU = Debug|Any CPU
		Release|Any CPU = Release|Any CPU
	EndGlobalSection
	GlobalSection(ProjectConfigurationPlatforms) = postSolution
		{3EB6F78B-F807-41AA-AABD-449480364D1D}.Debug|Any CPU.ActiveCfg = Debug|Any CPU
		{3EB6F78B-F807-41AA-AABD-449480364D1D}.Debug|Any CPU.Build.0 = Debug|Any CPU
		{3EB6F78B-F807-41AA-AABD-449480364D1D}.Release|Any CPU.ActiveCfg = Release|Any CPU
		{3EB6F78B-F807-41AA-AABD-449480364D1D}.Release|Any CPU.Build.0 = Release|Any CPU
	EndGlobalSection
	GlobalSection(SolutionProperties) = preSolution
		HideSolutionNode = FALSE
	EndGlobalSection
	GlobalSection(ExtensibilityGlobals) = postSolution
		SolutionGuid = {3C2D03B7-5FBB-4209-BE58-7800221F9E1F}
	EndGlobalSection
EndGlobal
