
Microsoft Visual Studio Solution File, Format Version 12.00
# Visual Studio Version 17
VisualStudioVersion = 17.3.32901.215
MinimumVisualStudioVersion = 10.0.40219.1
Project("{FAE04EC0-301F-11D3-BF4B-00C04F79EFBC}") = "PanelGUI", "PanelGUI\PanelGUI.csproj", "{32504BBC-0C92-4B5E-AE0D-804028DE968B}"
EndProject
Global
	GlobalSection(SolutionConfigurationPlatforms) = preSolution
		Debug|Any CPU = Debug|Any CPU
		Release|Any CPU = Release|Any CPU
	EndGlobalSection
	GlobalSection(ProjectConfigurationPlatforms) = postSolution
		{32504BBC-0C92-4B5E-AE0D-804028DE968B}.Debug|Any CPU.ActiveCfg = Debug|Any CPU
		{32504BBC-0C92-4B5E-AE0D-804028DE968B}.Debug|Any CPU.Build.0 = Debug|Any CPU
		{32504BBC-0C92-4B5E-AE0D-804028DE968B}.Release|Any CPU.ActiveCfg = Release|Any CPU
		{32504BBC-0C92-4B5E-AE0D-804028DE968B}.Release|Any CPU.Build.0 = Release|Any CPU
	EndGlobalSection
	GlobalSection(SolutionProperties) = preSolution
		HideSolutionNode = FALSE
	EndGlobalSection
	GlobalSection(ExtensibilityGlobals) = postSolution
		SolutionGuid = {5EE482FB-C54B-466D-BE1E-805EA815E4C9}
	EndGlobalSection
EndGlobal
